
Microsoft Visual Studio Solution File, Format Version 12.00
# Visual Studio 15
VisualStudioVersion = 15.0.26430.6
MinimumVisualStudioVersion = 10.0.40219.1
Project("{FAE04EC0-301F-11D3-BF4B-00C04F79EFBC}") = "DMN_WebApp", "DMN_WebApp\DMN_WebApp.csproj", "{163B2D4A-04E4-430C-B843-0ECE90C481AD}"
EndProject
Global
	GlobalSection(SolutionConfigurationPlatforms) = preSolution
		Debug|Any CPU = Debug|Any CPU
		Release|Any CPU = Release|Any CPU
	EndGlobalSection
	GlobalSection(ProjectConfigurationPlatforms) = postSolution
		{163B2D4A-04E4-430C-B843-0ECE90C481AD}.Debug|Any CPU.ActiveCfg = Debug|Any CPU
		{163B2D4A-04E4-430C-B843-0ECE90C481AD}.Debug|Any CPU.Build.0 = Debug|Any CPU
		{163B2D4A-04E4-430C-B843-0ECE90C481AD}.Release|Any CPU.ActiveCfg = Release|Any CPU
		{163B2D4A-04E4-430C-B843-0ECE90C481AD}.Release|Any CPU.Build.0 = Release|Any CPU
	EndGlobalSection
	GlobalSection(SolutionProperties) = preSolution
		HideSolutionNode = FALSE
	EndGlobalSection
EndGlobal
